
Microsoft Visual Studio Solution File, Format Version 12.00
# Visual Studio Version 16
VisualStudioVersion = 16.0.32106.194
MinimumVisualStudioVersion = 10.0.40219.1
Project("{151D2E53-A2C4-4D7D-83FE-D05416EBD58E}") = "Azure Resource Group", "Azure Resource Group.deployproj", "{8EDA1D42-C640-4D9E-B1B6-7C05E5B9E9CD}"
EndProject
Global
	GlobalSection(SolutionConfigurationPlatforms) = preSolution
		Debug|Any CPU = Debug|Any CPU
		Release|Any CPU = Release|Any CPU
	EndGlobalSection
	GlobalSection(ProjectConfigurationPlatforms) = postSolution
		{8EDA1D42-C640-4D9E-B1B6-7C05E5B9E9CD}.Debug|Any CPU.ActiveCfg = Debug|Any CPU
		{8EDA1D42-C640-4D9E-B1B6-7C05E5B9E9CD}.Debug|Any CPU.Build.0 = Debug|Any CPU
		{8EDA1D42-C640-4D9E-B1B6-7C05E5B9E9CD}.Release|Any CPU.ActiveCfg = Release|Any CPU
		{8EDA1D42-C640-4D9E-B1B6-7C05E5B9E9CD}.Release|Any CPU.Build.0 = Release|Any CPU
	EndGlobalSection
	GlobalSection(SolutionProperties) = preSolution
		HideSolutionNode = FALSE
	EndGlobalSection
	GlobalSection(ExtensibilityGlobals) = postSolution
		SolutionGuid = {15AB7BA2-F9B8-4218-AB90-55EA18744998}
	EndGlobalSection
EndGlobal
